
Microsoft Visual Studio Solution File, Format Version 12.00
# Visual Studio Version 16
VisualStudioVersion = 16.0.30114.105
MinimumVisualStudioVersion = 10.0.40219.1
Project("{9A19103F-16F7-4668-BE54-9A1E7A4F7556}") = "ElementalSouls", "ElementalSouls.csproj", "{AFEE4C6A-385C-40C7-A320-7D91A7F58A06}"
EndProject
Global
	GlobalSection(SolutionConfigurationPlatforms) = preSolution
		Debug|Any CPU = Debug|Any CPU
		Release|Any CPU = Release|Any CPU
	EndGlobalSection
	GlobalSection(ProjectConfigurationPlatforms) = postSolution
		{AFEE4C6A-385C-40C7-A320-7D91A7F58A06}.Debug|Any CPU.ActiveCfg = Debug|Any CPU
		{AFEE4C6A-385C-40C7-A320-7D91A7F58A06}.Debug|Any CPU.Build.0 = Debug|Any CPU
		{AFEE4C6A-385C-40C7-A320-7D91A7F58A06}.Release|Any CPU.ActiveCfg = Release|Any CPU
		{AFEE4C6A-385C-40C7-A320-7D91A7F58A06}.Release|Any CPU.Build.0 = Release|Any CPU
	EndGlobalSection
	GlobalSection(SolutionProperties) = preSolution
		HideSolutionNode = FALSE
	EndGlobalSection
	GlobalSection(ExtensibilityGlobals) = postSolution
		SolutionGuid = {375FC88C-3A79-4277-B95C-A305E2B98A57}
	EndGlobalSection
EndGlobal
